
Microsoft Visual Studio Solution File, Format Version 12.00
Project("{FAE04EC0-301F-11D3-BF4B-00C04F79EFBC}") = "TcgBindersReloaded", "TcgBindersReloaded\TcgBindersReloaded.csproj", "{F4C91B49-F5CD-44CD-B560-E442373843F3}"
EndProject
Project("{2150E333-8FDC-42A3-9474-1A3956D46DE8}") = "Solution Items", "Solution Items", "{AB3F9A0E-6BAB-49A6-8FF1-AB36F6BE4787}"
	ProjectSection(SolutionItems) = preProject
		docker-compose.yml = docker-compose.yml
	EndProjectSection
EndProject
Global
	GlobalSection(SolutionConfigurationPlatforms) = preSolution
		Debug|Any CPU = Debug|Any CPU
		Release|Any CPU = Release|Any CPU
	EndGlobalSection
	GlobalSection(ProjectConfigurationPlatforms) = postSolution
		{F4C91B49-F5CD-44CD-B560-E442373843F3}.Debug|Any CPU.ActiveCfg = Debug|Any CPU
		{F4C91B49-F5CD-44CD-B560-E442373843F3}.Debug|Any CPU.Build.0 = Debug|Any CPU
		{F4C91B49-F5CD-44CD-B560-E442373843F3}.Release|Any CPU.ActiveCfg = Release|Any CPU
		{F4C91B49-F5CD-44CD-B560-E442373843F3}.Release|Any CPU.Build.0 = Release|Any CPU
	EndGlobalSection
EndGlobal
